
Microsoft Visual Studio Solution File, Format Version 12.00
# Visual Studio Version 17
VisualStudioVersion = 17.10.35122.118
MinimumVisualStudioVersion = 10.0.40219.1
Project("{9A19103F-16F7-4668-BE54-9A1E7A4F7556}") = "Artifacts", "Artifacts.csproj", "{BE651A40-20BC-4A88-BFC9-7284FE981419}"
EndProject
Project("{FAE04EC0-301F-11D3-BF4B-00C04F79EFBC}") = "ArtifactsUI", "..\ArtifactsUI\ArtifactsUI.csproj", "{4A33EEC3-F1FB-45F1-B562-7804E252D869}"
EndProject
Global
	GlobalSection(SolutionConfigurationPlatforms) = preSolution
		Debug|Any CPU = Debug|Any CPU
		Release|Any CPU = Release|Any CPU
	EndGlobalSection
	GlobalSection(ProjectConfigurationPlatforms) = postSolution
		{BE651A40-20BC-4A88-BFC9-7284FE981419}.Debug|Any CPU.ActiveCfg = Debug|Any CPU
		{BE651A40-20BC-4A88-BFC9-7284FE981419}.Debug|Any CPU.Build.0 = Debug|Any CPU
		{BE651A40-20BC-4A88-BFC9-7284FE981419}.Release|Any CPU.ActiveCfg = Release|Any CPU
		{BE651A40-20BC-4A88-BFC9-7284FE981419}.Release|Any CPU.Build.0 = Release|Any CPU
		{4A33EEC3-F1FB-45F1-B562-7804E252D869}.Debug|Any CPU.ActiveCfg = Debug|Any CPU
		{4A33EEC3-F1FB-45F1-B562-7804E252D869}.Debug|Any CPU.Build.0 = Debug|Any CPU
		{4A33EEC3-F1FB-45F1-B562-7804E252D869}.Release|Any CPU.ActiveCfg = Release|Any CPU
		{4A33EEC3-F1FB-45F1-B562-7804E252D869}.Release|Any CPU.Build.0 = Release|Any CPU
	EndGlobalSection
	GlobalSection(SolutionProperties) = preSolution
		HideSolutionNode = FALSE
	EndGlobalSection
	GlobalSection(ExtensibilityGlobals) = postSolution
		SolutionGuid = {3594CF1E-9820-4E40-AFF2-8DFC1EB48B9C}
	EndGlobalSection
EndGlobal
